{
  "name": "helper",
  "lockfileVersion": 2,
  "requires": true,
  "packages": {
    "": {
      "dependencies": {
        "jose": "^4.8.1"
      }
    },
    "node_modules/jose": {
      "version": "4.10.3",
      "resolved": "https://registry.npmjs.org/jose/-/jose-4.10.3.tgz",
      "integrity": "sha512-3S4wQnaoJKSAx9uHSoyf8B/lxjs1qCntHWL6wNFszJazo+FtWe+qD0zVfY0BlqJ5HHK4jcnM98k3BQzVLbzE4g==",
      "funding": {
        "url": "https://github.com/sponsors/panva"
      }
    }
  },
  "dependencies": {
    "jose": {
      "version": "4.10.3",
      "resolved": "https://registry.npmjs.org/jose/-/jose-4.10.3.tgz",
      "integrity": "sha512-3S4wQnaoJKSAx9uHSoyf8B/lxjs1qCntHWL6wNFszJazo+FtWe+qD0zVfY0BlqJ5HHK4jcnM98k3BQzVLbzE4g=="
    }
  }
}
