{
  "name": "helper",
  "lockfileVersion": 2,
  "requires": true,
  "packages": {
    "": {
      "dependencies": {
        "jose": "^4.8.1"
      }
    },
    "node_modules/jose": {
      "version": "4.8.1",
      "resolved": "https://registry.npmjs.org/jose/-/jose-4.8.1.tgz",
      "integrity": "sha512-+/hpTbRcCw9YC0TOfN1W47pej4a9lRmltdOVdRLz5FP5UvUq3CenhXjQK7u/8NdMIIShMXYAh9VLPhc7TjhvFw==",
      "funding": {
        "url": "https://github.com/sponsors/panva"
      }
    }
  },
  "dependencies": {
    "jose": {
      "version": "4.8.1",
      "resolved": "https://registry.npmjs.org/jose/-/jose-4.8.1.tgz",
      "integrity": "sha512-+/hpTbRcCw9YC0TOfN1W47pej4a9lRmltdOVdRLz5FP5UvUq3CenhXjQK7u/8NdMIIShMXYAh9VLPhc7TjhvFw=="
    }
  }
}
